{
  "name": "photogether-web",
  "lockfileVersion": 3,
  "requires": true,
  "packages": {
    "": {
      "devDependencies": {
        "daisyui": "^5.0.9",
        "tailwindcss-motion": "^1.1.0"
      }
    },
    "node_modules/daisyui": {
      "version": "5.0.9",
      "resolved": "https://registry.npmjs.org/daisyui/-/daisyui-5.0.9.tgz",
      "integrity": "sha512-RsaehHh45f+0shWgZZaOY09/8eOae2voRsqJCD71j9yrnYgcke0Nj5ys0ZxrW4SPcc4+q96kWyJu0Z8P1zZdoA==",
      "dev": true,
      "license": "MIT",
      "funding": {
        "url": "https://github.com/saadeghi/daisyui?sponsor=1"
      }
    },
    "node_modules/tailwindcss": {
      "version": "4.0.15",
      "resolved": "https://registry.npmjs.org/tailwindcss/-/tailwindcss-4.0.15.tgz",
      "integrity": "sha512-6ZMg+hHdMJpjpeCCFasX7K+U615U9D+7k5/cDK/iRwl6GptF24+I/AbKgOnXhVKePzrEyIXutLv36n4cRsq3Sg==",
      "dev": true,
      "license": "MIT",
      "peer": true
    },
    "node_modules/tailwindcss-motion": {
      "version": "1.1.0",
      "resolved": "https://registry.npmjs.org/tailwindcss-motion/-/tailwindcss-motion-1.1.0.tgz",
      "integrity": "sha512-0lK6rA4+367ffJdi1TtB72GlMCxJi2TP/xRiHc6An5pZSlU6WfIHhSvLxpcGilGZfBrOqc2q4woH1DEP/lCNbQ==",
      "dev": true,
      "license": "MIT",
      "peerDependencies": {
        "tailwindcss": ">=3.0.0 || insiders"
      }
    }
  }
}
